
Microsoft Visual Studio Solution File, Format Version 12.00
# Visual Studio Version 17
VisualStudioVersion = 17.0.31912.275
MinimumVisualStudioVersion = 10.0.40219.1
Project("{9A19103F-16F7-4668-BE54-9A1E7A4F7556}") = "Blecommerce.Server", "Blecommerce\Server\Blecommerce.Server.csproj", "{A6BCE5BA-DD01-4D0F-868A-7015324B57EC}"
EndProject
Project("{9A19103F-16F7-4668-BE54-9A1E7A4F7556}") = "Blecommerce.Client", "Blecommerce\Client\Blecommerce.Client.csproj", "{D3566A8A-FDAB-48D4-B8D2-B672C96E7642}"
EndProject
Project("{9A19103F-16F7-4668-BE54-9A1E7A4F7556}") = "Blecommerce.Shared", "Blecommerce\Shared\Blecommerce.Shared.csproj", "{834DE07F-307B-41EC-BA49-DF8716EA9DE1}"
EndProject
Global
	GlobalSection(SolutionConfigurationPlatforms) = preSolution
		Debug|Any CPU = Debug|Any CPU
		Release|Any CPU = Release|Any CPU
	EndGlobalSection
	GlobalSection(ProjectConfigurationPlatforms) = postSolution
		{A6BCE5BA-DD01-4D0F-868A-7015324B57EC}.Debug|Any CPU.ActiveCfg = Debug|Any CPU
		{A6BCE5BA-DD01-4D0F-868A-7015324B57EC}.Debug|Any CPU.Build.0 = Debug|Any CPU
		{A6BCE5BA-DD01-4D0F-868A-7015324B57EC}.Release|Any CPU.ActiveCfg = Release|Any CPU
		{A6BCE5BA-DD01-4D0F-868A-7015324B57EC}.Release|Any CPU.Build.0 = Release|Any CPU
		{D3566A8A-FDAB-48D4-B8D2-B672C96E7642}.Debug|Any CPU.ActiveCfg = Debug|Any CPU
		{D3566A8A-FDAB-48D4-B8D2-B672C96E7642}.Debug|Any CPU.Build.0 = Debug|Any CPU
		{D3566A8A-FDAB-48D4-B8D2-B672C96E7642}.Release|Any CPU.ActiveCfg = Release|Any CPU
		{D3566A8A-FDAB-48D4-B8D2-B672C96E7642}.Release|Any CPU.Build.0 = Release|Any CPU
		{834DE07F-307B-41EC-BA49-DF8716EA9DE1}.Debug|Any CPU.ActiveCfg = Debug|Any CPU
		{834DE07F-307B-41EC-BA49-DF8716EA9DE1}.Debug|Any CPU.Build.0 = Debug|Any CPU
		{834DE07F-307B-41EC-BA49-DF8716EA9DE1}.Release|Any CPU.ActiveCfg = Release|Any CPU
		{834DE07F-307B-41EC-BA49-DF8716EA9DE1}.Release|Any CPU.Build.0 = Release|Any CPU
	EndGlobalSection
	GlobalSection(SolutionProperties) = preSolution
		HideSolutionNode = FALSE
	EndGlobalSection
	GlobalSection(ExtensibilityGlobals) = postSolution
		SolutionGuid = {F7FCCC46-9F47-4547-937C-44AEB1CFB37C}
	EndGlobalSection
EndGlobal
